
Microsoft Visual Studio Solution File, Format Version 12.00
# Visual Studio 15
VisualStudioVersion = 15.0.28307.645
MinimumVisualStudioVersion = 10.0.40219.1
Project("{FAE04EC0-301F-11D3-BF4B-00C04F79EFBC}") = "AdafruitSPI", "AdafruitSPI\AdafruitSPI.csproj", "{459D89F7-D03B-4314-9A81-DBAA62C745A6}"
EndProject
Project("{FAE04EC0-301F-11D3-BF4B-00C04F79EFBC}") = "AdafruitButtons", "AdafruitButtons\AdafruitButtons.csproj", "{0CD742E3-C59F-4F95-986D-FADA6850E5DB}"
EndProject
Project("{2150E333-8FDC-42A3-9474-1A3956D46DE8}") = "Adafruit", "Adafruit", "{38BAA614-EC92-4CDF-9CFE-1314F43F38C4}"
EndProject
Project("{2150E333-8FDC-42A3-9474-1A3956D46DE8}") = "Seegel", "Seegel", "{E95B5059-76EC-441A-98B9-1BE54BC2250B}"
EndProject
Project("{FAE04EC0-301F-11D3-BF4B-00C04F79EFBC}") = "SeegelSPI", "SeegelSPI\SeegelSPI.csproj", "{4144AD8E-0D37-491D-8CB7-45EDD8741C62}"
EndProject
Project("{FAE04EC0-301F-11D3-BF4B-00C04F79EFBC}") = "02.RegisterScan", "RegisterScan\02.RegisterScan.csproj", "{0622516E-401C-472A-BDD9-563C6B57A1C0}"
EndProject
Project("{FAE04EC0-301F-11D3-BF4B-00C04F79EFBC}") = "01.RegisterRead", "RegisterRead\01.RegisterRead.csproj", "{33C58DF5-62EB-423B-A682-0E49E43B10FD}"
EndProject
Project("{FAE04EC0-301F-11D3-BF4B-00C04F79EFBC}") = "03.RegisterReadAndWrite", "RegisterReadAndWrite\03.RegisterReadAndWrite.csproj", "{A03C95DC-24BE-44CD-B5B8-E5FF9851B7C0}"
EndProject
Project("{FAE04EC0-301F-11D3-BF4B-00C04F79EFBC}") = "04.TransmitBasic", "TransmitBasic\04.TransmitBasic.csproj", "{71E15D5A-58C7-4FC3-BC17-9B535E7B7CC9}"
EndProject
Project("{FAE04EC0-301F-11D3-BF4B-00C04F79EFBC}") = "05.ReceiveBasic", "ReceiveBasic\05.ReceiveBasic.csproj", "{A872198D-A706-40BA-8290-B1C7A51A455B}"
EndProject
Global
	GlobalSection(SolutionConfigurationPlatforms) = preSolution
		Debug|ARM = Debug|ARM
		Debug|x64 = Debug|x64
		Debug|x86 = Debug|x86
		Release|ARM = Release|ARM
		Release|x64 = Release|x64
		Release|x86 = Release|x86
	EndGlobalSection
	GlobalSection(ProjectConfigurationPlatforms) = postSolution
		{459D89F7-D03B-4314-9A81-DBAA62C745A6}.Debug|ARM.ActiveCfg = Debug|ARM
		{459D89F7-D03B-4314-9A81-DBAA62C745A6}.Debug|ARM.Build.0 = Debug|ARM
		{459D89F7-D03B-4314-9A81-DBAA62C745A6}.Debug|ARM.Deploy.0 = Debug|ARM
		{459D89F7-D03B-4314-9A81-DBAA62C745A6}.Debug|x64.ActiveCfg = Debug|x64
		{459D89F7-D03B-4314-9A81-DBAA62C745A6}.Debug|x64.Build.0 = Debug|x64
		{459D89F7-D03B-4314-9A81-DBAA62C745A6}.Debug|x64.Deploy.0 = Debug|x64
		{459D89F7-D03B-4314-9A81-DBAA62C745A6}.Debug|x86.ActiveCfg = Debug|x86
		{459D89F7-D03B-4314-9A81-DBAA62C745A6}.Debug|x86.Build.0 = Debug|x86
		{459D89F7-D03B-4314-9A81-DBAA62C745A6}.Debug|x86.Deploy.0 = Debug|x86
		{459D89F7-D03B-4314-9A81-DBAA62C745A6}.Release|ARM.ActiveCfg = Release|ARM
		{459D89F7-D03B-4314-9A81-DBAA62C745A6}.Release|ARM.Build.0 = Release|ARM
		{459D89F7-D03B-4314-9A81-DBAA62C745A6}.Release|ARM.Deploy.0 = Release|ARM
		{459D89F7-D03B-4314-9A81-DBAA62C745A6}.Release|x64.ActiveCfg = Release|x64
		{459D89F7-D03B-4314-9A81-DBAA62C745A6}.Release|x64.Build.0 = Release|x64
		{459D89F7-D03B-4314-9A81-DBAA62C745A6}.Release|x64.Deploy.0 = Release|x64
		{459D89F7-D03B-4314-9A81-DBAA62C745A6}.Release|x86.ActiveCfg = Release|x86
		{459D89F7-D03B-4314-9A81-DBAA62C745A6}.Release|x86.Build.0 = Release|x86
		{459D89F7-D03B-4314-9A81-DBAA62C745A6}.Release|x86.Deploy.0 = Release|x86
		{0CD742E3-C59F-4F95-986D-FADA6850E5DB}.Debug|ARM.ActiveCfg = Debug|ARM
		{0CD742E3-C59F-4F95-986D-FADA6850E5DB}.Debug|ARM.Build.0 = Debug|ARM
		{0CD742E3-C59F-4F95-986D-FADA6850E5DB}.Debug|ARM.Deploy.0 = Debug|ARM
		{0CD742E3-C59F-4F95-986D-FADA6850E5DB}.Debug|x64.ActiveCfg = Debug|x64
		{0CD742E3-C59F-4F95-986D-FADA6850E5DB}.Debug|x64.Build.0 = Debug|x64
		{0CD742E3-C59F-4F95-986D-FADA6850E5DB}.Debug|x64.Deploy.0 = Debug|x64
		{0CD742E3-C59F-4F95-986D-FADA6850E5DB}.Debug|x86.ActiveCfg = Debug|x86
		{0CD742E3-C59F-4F95-986D-FADA6850E5DB}.Debug|x86.Build.0 = Debug|x86
		{0CD742E3-C59F-4F95-986D-FADA6850E5DB}.Debug|x86.Deploy.0 = Debug|x86
		{0CD742E3-C59F-4F95-986D-FADA6850E5DB}.Release|ARM.ActiveCfg = Release|ARM
		{0CD742E3-C59F-4F95-986D-FADA6850E5DB}.Release|ARM.Build.0 = Release|ARM
		{0CD742E3-C59F-4F95-986D-FADA6850E5DB}.Release|ARM.Deploy.0 = Release|ARM
		{0CD742E3-C59F-4F95-986D-FADA6850E5DB}.Release|x64.ActiveCfg = Release|x64
		{0CD742E3-C59F-4F95-986D-FADA6850E5DB}.Release|x64.Build.0 = Release|x64
		{0CD742E3-C59F-4F95-986D-FADA6850E5DB}.Release|x64.Deploy.0 = Release|x64
		{0CD742E3-C59F-4F95-986D-FADA6850E5DB}.Release|x86.ActiveCfg = Release|x86
		{0CD742E3-C59F-4F95-986D-FADA6850E5DB}.Release|x86.Build.0 = Release|x86
		{0CD742E3-C59F-4F95-986D-FADA6850E5DB}.Release|x86.Deploy.0 = Release|x86
		{4144AD8E-0D37-491D-8CB7-45EDD8741C62}.Debug|ARM.ActiveCfg = Debug|ARM
		{4144AD8E-0D37-491D-8CB7-45EDD8741C62}.Debug|ARM.Build.0 = Debug|ARM
		{4144AD8E-0D37-491D-8CB7-45EDD8741C62}.Debug|ARM.Deploy.0 = Debug|ARM
		{4144AD8E-0D37-491D-8CB7-45EDD8741C62}.Debug|x64.ActiveCfg = Debug|x64
		{4144AD8E-0D37-491D-8CB7-45EDD8741C62}.Debug|x64.Build.0 = Debug|x64
		{4144AD8E-0D37-491D-8CB7-45EDD8741C62}.Debug|x64.Deploy.0 = Debug|x64
		{4144AD8E-0D37-491D-8CB7-45EDD8741C62}.Debug|x86.ActiveCfg = Debug|x86
		{4144AD8E-0D37-491D-8CB7-45EDD8741C62}.Debug|x86.Build.0 = Debug|x86
		{4144AD8E-0D37-491D-8CB7-45EDD8741C62}.Debug|x86.Deploy.0 = Debug|x86
		{4144AD8E-0D37-491D-8CB7-45EDD8741C62}.Release|ARM.ActiveCfg = Release|ARM
		{4144AD8E-0D37-491D-8CB7-45EDD8741C62}.Release|ARM.Build.0 = Release|ARM
		{4144AD8E-0D37-491D-8CB7-45EDD8741C62}.Release|ARM.Deploy.0 = Release|ARM
		{4144AD8E-0D37-491D-8CB7-45EDD8741C62}.Release|x64.ActiveCfg = Release|x64
		{4144AD8E-0D37-491D-8CB7-45EDD8741C62}.Release|x64.Build.0 = Release|x64
		{4144AD8E-0D37-491D-8CB7-45EDD8741C62}.Release|x64.Deploy.0 = Release|x64
		{4144AD8E-0D37-491D-8CB7-45EDD8741C62}.Release|x86.ActiveCfg = Release|x86
		{4144AD8E-0D37-491D-8CB7-45EDD8741C62}.Release|x86.Build.0 = Release|x86
		{4144AD8E-0D37-491D-8CB7-45EDD8741C62}.Release|x86.Deploy.0 = Release|x86
		{0622516E-401C-472A-BDD9-563C6B57A1C0}.Debug|ARM.ActiveCfg = Debug|ARM
		{0622516E-401C-472A-BDD9-563C6B57A1C0}.Debug|ARM.Build.0 = Debug|ARM
		{0622516E-401C-472A-BDD9-563C6B57A1C0}.Debug|ARM.Deploy.0 = Debug|ARM
		{0622516E-401C-472A-BDD9-563C6B57A1C0}.Debug|x64.ActiveCfg = Debug|x64
		{0622516E-401C-472A-BDD9-563C6B57A1C0}.Debug|x64.Build.0 = Debug|x64
		{0622516E-401C-472A-BDD9-563C6B57A1C0}.Debug|x64.Deploy.0 = Debug|x64
		{0622516E-401C-472A-BDD9-563C6B57A1C0}.Debug|x86.ActiveCfg = Debug|x86
		{0622516E-401C-472A-BDD9-563C6B57A1C0}.Debug|x86.Build.0 = Debug|x86
		{0622516E-401C-472A-BDD9-563C6B57A1C0}.Debug|x86.Deploy.0 = Debug|x86
		{0622516E-401C-472A-BDD9-563C6B57A1C0}.Release|ARM.ActiveCfg = Release|ARM
		{0622516E-401C-472A-BDD9-563C6B57A1C0}.Release|ARM.Build.0 = Release|ARM
		{0622516E-401C-472A-BDD9-563C6B57A1C0}.Release|ARM.Deploy.0 = Release|ARM
		{0622516E-401C-472A-BDD9-563C6B57A1C0}.Release|x64.ActiveCfg = Release|x64
		{0622516E-401C-472A-BDD9-563C6B57A1C0}.Release|x64.Build.0 = Release|x64
		{0622516E-401C-472A-BDD9-563C6B57A1C0}.Release|x64.Deploy.0 = Release|x64
		{0622516E-401C-472A-BDD9-563C6B57A1C0}.Release|x86.ActiveCfg = Release|x86
		{0622516E-401C-472A-BDD9-563C6B57A1C0}.Release|x86.Build.0 = Release|x86
		{0622516E-401C-472A-BDD9-563C6B57A1C0}.Release|x86.Deploy.0 = Release|x86
		{33C58DF5-62EB-423B-A682-0E49E43B10FD}.Debug|ARM.ActiveCfg = Debug|ARM
		{33C58DF5-62EB-423B-A682-0E49E43B10FD}.Debug|ARM.Build.0 = Debug|ARM
		{33C58DF5-62EB-423B-A682-0E49E43B10FD}.Debug|ARM.Deploy.0 = Debug|ARM
		{33C58DF5-62EB-423B-A682-0E49E43B10FD}.Debug|x64.ActiveCfg = Debug|x64
		{33C58DF5-62EB-423B-A682-0E49E43B10FD}.Debug|x64.Build.0 = Debug|x64
		{33C58DF5-62EB-423B-A682-0E49E43B10FD}.Debug|x64.Deploy.0 = Debug|x64
		{33C58DF5-62EB-423B-A682-0E49E43B10FD}.Debug|x86.ActiveCfg = Debug|x86
		{33C58DF5-62EB-423B-A682-0E49E43B10FD}.Debug|x86.Build.0 = Debug|x86
		{33C58DF5-62EB-423B-A682-0E49E43B10FD}.Debug|x86.Deploy.0 = Debug|x86
		{33C58DF5-62EB-423B-A682-0E49E43B10FD}.Release|ARM.ActiveCfg = Release|ARM
		{33C58DF5-62EB-423B-A682-0E49E43B10FD}.Release|ARM.Build.0 = Release|ARM
		{33C58DF5-62EB-423B-A682-0E49E43B10FD}.Release|ARM.Deploy.0 = Release|ARM
		{33C58DF5-62EB-423B-A682-0E49E43B10FD}.Release|x64.ActiveCfg = Release|x64
		{33C58DF5-62EB-423B-A682-0E49E43B10FD}.Release|x64.Build.0 = Release|x64
		{33C58DF5-62EB-423B-A682-0E49E43B10FD}.Release|x64.Deploy.0 = Release|x64
		{33C58DF5-62EB-423B-A682-0E49E43B10FD}.Release|x86.ActiveCfg = Release|x86
		{33C58DF5-62EB-423B-A682-0E49E43B10FD}.Release|x86.Build.0 = Release|x86
		{33C58DF5-62EB-423B-A682-0E49E43B10FD}.Release|x86.Deploy.0 = Release|x86
		{A03C95DC-24BE-44CD-B5B8-E5FF9851B7C0}.Debug|ARM.ActiveCfg = Debug|ARM
		{A03C95DC-24BE-44CD-B5B8-E5FF9851B7C0}.Debug|ARM.Build.0 = Debug|ARM
		{A03C95DC-24BE-44CD-B5B8-E5FF9851B7C0}.Debug|ARM.Deploy.0 = Debug|ARM
		{A03C95DC-24BE-44CD-B5B8-E5FF9851B7C0}.Debug|x64.ActiveCfg = Debug|x64
		{A03C95DC-24BE-44CD-B5B8-E5FF9851B7C0}.Debug|x64.Build.0 = Debug|x64
		{A03C95DC-24BE-44CD-B5B8-E5FF9851B7C0}.Debug|x64.Deploy.0 = Debug|x64
		{A03C95DC-24BE-44CD-B5B8-E5FF9851B7C0}.Debug|x86.ActiveCfg = Debug|x86
		{A03C95DC-24BE-44CD-B5B8-E5FF9851B7C0}.Debug|x86.Build.0 = Debug|x86
		{A03C95DC-24BE-44CD-B5B8-E5FF9851B7C0}.Debug|x86.Deploy.0 = Debug|x86
		{A03C95DC-24BE-44CD-B5B8-E5FF9851B7C0}.Release|ARM.ActiveCfg = Release|ARM
		{A03C95DC-24BE-44CD-B5B8-E5FF9851B7C0}.Release|ARM.Build.0 = Release|ARM
		{A03C95DC-24BE-44CD-B5B8-E5FF9851B7C0}.Release|ARM.Deploy.0 = Release|ARM
		{A03C95DC-24BE-44CD-B5B8-E5FF9851B7C0}.Release|x64.ActiveCfg = Release|x64
		{A03C95DC-24BE-44CD-B5B8-E5FF9851B7C0}.Release|x64.Build.0 = Release|x64
		{A03C95DC-24BE-44CD-B5B8-E5FF9851B7C0}.Release|x64.Deploy.0 = Release|x64
		{A03C95DC-24BE-44CD-B5B8-E5FF9851B7C0}.Release|x86.ActiveCfg = Release|x86
		{A03C95DC-24BE-44CD-B5B8-E5FF9851B7C0}.Release|x86.Build.0 = Release|x86
		{A03C95DC-24BE-44CD-B5B8-E5FF9851B7C0}.Release|x86.Deploy.0 = Release|x86
		{71E15D5A-58C7-4FC3-BC17-9B535E7B7CC9}.Debug|ARM.ActiveCfg = Debug|ARM
		{71E15D5A-58C7-4FC3-BC17-9B535E7B7CC9}.Debug|ARM.Build.0 = Debug|ARM
		{71E15D5A-58C7-4FC3-BC17-9B535E7B7CC9}.Debug|ARM.Deploy.0 = Debug|ARM
		{71E15D5A-58C7-4FC3-BC17-9B535E7B7CC9}.Debug|x64.ActiveCfg = Debug|x64
		{71E15D5A-58C7-4FC3-BC17-9B535E7B7CC9}.Debug|x64.Build.0 = Debug|x64
		{71E15D5A-58C7-4FC3-BC17-9B535E7B7CC9}.Debug|x64.Deploy.0 = Debug|x64
		{71E15D5A-58C7-4FC3-BC17-9B535E7B7CC9}.Debug|x86.ActiveCfg = Debug|x86
		{71E15D5A-58C7-4FC3-BC17-9B535E7B7CC9}.Debug|x86.Build.0 = Debug|x86
		{71E15D5A-58C7-4FC3-BC17-9B535E7B7CC9}.Debug|x86.Deploy.0 = Debug|x86
		{71E15D5A-58C7-4FC3-BC17-9B535E7B7CC9}.Release|ARM.ActiveCfg = Release|ARM
		{71E15D5A-58C7-4FC3-BC17-9B535E7B7CC9}.Release|ARM.Build.0 = Release|ARM
		{71E15D5A-58C7-4FC3-BC17-9B535E7B7CC9}.Release|ARM.Deploy.0 = Release|ARM
		{71E15D5A-58C7-4FC3-BC17-9B535E7B7CC9}.Release|x64.ActiveCfg = Release|x64
		{71E15D5A-58C7-4FC3-BC17-9B535E7B7CC9}.Release|x64.Build.0 = Release|x64
		{71E15D5A-58C7-4FC3-BC17-9B535E7B7CC9}.Release|x64.Deploy.0 = Release|x64
		{71E15D5A-58C7-4FC3-BC17-9B535E7B7CC9}.Release|x86.ActiveCfg = Release|x86
		{71E15D5A-58C7-4FC3-BC17-9B535E7B7CC9}.Release|x86.Build.0 = Release|x86
		{71E15D5A-58C7-4FC3-BC17-9B535E7B7CC9}.Release|x86.Deploy.0 = Release|x86
		{A872198D-A706-40BA-8290-B1C7A51A455B}.Debug|ARM.ActiveCfg = Debug|ARM
		{A872198D-A706-40BA-8290-B1C7A51A455B}.Debug|ARM.Build.0 = Debug|ARM
		{A872198D-A706-40BA-8290-B1C7A51A455B}.Debug|ARM.Deploy.0 = Debug|ARM
		{A872198D-A706-40BA-8290-B1C7A51A455B}.Debug|x64.ActiveCfg = Debug|x64
		{A872198D-A706-40BA-8290-B1C7A51A455B}.Debug|x64.Build.0 = Debug|x64
		{A872198D-A706-40BA-8290-B1C7A51A455B}.Debug|x64.Deploy.0 = Debug|x64
		{A872198D-A706-40BA-8290-B1C7A51A455B}.Debug|x86.ActiveCfg = Debug|x86
		{A872198D-A706-40BA-8290-B1C7A51A455B}.Debug|x86.Build.0 = Debug|x86
		{A872198D-A706-40BA-8290-B1C7A51A455B}.Debug|x86.Deploy.0 = Debug|x86
		{A872198D-A706-40BA-8290-B1C7A51A455B}.Release|ARM.ActiveCfg = Release|ARM
		{A872198D-A706-40BA-8290-B1C7A51A455B}.Release|ARM.Build.0 = Release|ARM
		{A872198D-A706-40BA-8290-B1C7A51A455B}.Release|ARM.Deploy.0 = Release|ARM
		{A872198D-A706-40BA-8290-B1C7A51A455B}.Release|x64.ActiveCfg = Release|x64
		{A872198D-A706-40BA-8290-B1C7A51A455B}.Release|x64.Build.0 = Release|x64
		{A872198D-A706-40BA-8290-B1C7A51A455B}.Release|x64.Deploy.0 = Release|x64
		{A872198D-A706-40BA-8290-B1C7A51A455B}.Release|x86.ActiveCfg = Release|x86
		{A872198D-A706-40BA-8290-B1C7A51A455B}.Release|x86.Build.0 = Release|x86
		{A872198D-A706-40BA-8290-B1C7A51A455B}.Release|x86.Deploy.0 = Release|x86
	EndGlobalSection
	GlobalSection(SolutionProperties) = preSolution
		HideSolutionNode = FALSE
	EndGlobalSection
	GlobalSection(NestedProjects) = preSolution
		{459D89F7-D03B-4314-9A81-DBAA62C745A6} = {38BAA614-EC92-4CDF-9CFE-1314F43F38C4}
		{0CD742E3-C59F-4F95-986D-FADA6850E5DB} = {38BAA614-EC92-4CDF-9CFE-1314F43F38C4}
		{4144AD8E-0D37-491D-8CB7-45EDD8741C62} = {E95B5059-76EC-441A-98B9-1BE54BC2250B}
	EndGlobalSection
	GlobalSection(ExtensibilityGlobals) = postSolution
		SolutionGuid = {D33C0562-E459-4CB6-B32A-0D6F866F939E}
	EndGlobalSection
EndGlobal
